
Microsoft Visual Studio Solution File, Format Version 12.00
# Visual Studio Version 17
VisualStudioVersion = 17.11.35431.28
MinimumVisualStudioVersion = 10.0.40219.1
Project("{9A19103F-16F7-4668-BE54-9A1E7A4F7556}") = "WappGuayaquil", "WappGuayaquil.csproj", "{D17C121A-B162-4648-9B85-93811FEBDADB}"
EndProject
Project("{FAE04EC0-301F-11D3-BF4B-00C04F79EFBC}") = "PrBancoGuayaquilDb", "..\PrBancoGuayaquilDb\PrBancoGuayaquilDb.csproj", "{C2D0F1F7-55AA-4934-B315-2D1CE23CA3CB}"
EndProject
Project("{FAE04EC0-301F-11D3-BF4B-00C04F79EFBC}") = "PrBancoGuayaquilDto", "..\PrBancoGuayaquilDto\PrBancoGuayaquilDto.csproj", "{7CCF7E77-1083-41AF-8420-ADCF07EC8026}"
EndProject
Global
	GlobalSection(SolutionConfigurationPlatforms) = preSolution
		Debug|Any CPU = Debug|Any CPU
		Release|Any CPU = Release|Any CPU
	EndGlobalSection
	GlobalSection(ProjectConfigurationPlatforms) = postSolution
		{D17C121A-B162-4648-9B85-93811FEBDADB}.Debug|Any CPU.ActiveCfg = Debug|Any CPU
		{D17C121A-B162-4648-9B85-93811FEBDADB}.Debug|Any CPU.Build.0 = Debug|Any CPU
		{D17C121A-B162-4648-9B85-93811FEBDADB}.Release|Any CPU.ActiveCfg = Release|Any CPU
		{D17C121A-B162-4648-9B85-93811FEBDADB}.Release|Any CPU.Build.0 = Release|Any CPU
		{C2D0F1F7-55AA-4934-B315-2D1CE23CA3CB}.Debug|Any CPU.ActiveCfg = Debug|Any CPU
		{C2D0F1F7-55AA-4934-B315-2D1CE23CA3CB}.Debug|Any CPU.Build.0 = Debug|Any CPU
		{C2D0F1F7-55AA-4934-B315-2D1CE23CA3CB}.Release|Any CPU.ActiveCfg = Release|Any CPU
		{C2D0F1F7-55AA-4934-B315-2D1CE23CA3CB}.Release|Any CPU.Build.0 = Release|Any CPU
		{7CCF7E77-1083-41AF-8420-ADCF07EC8026}.Debug|Any CPU.ActiveCfg = Debug|Any CPU
		{7CCF7E77-1083-41AF-8420-ADCF07EC8026}.Debug|Any CPU.Build.0 = Debug|Any CPU
		{7CCF7E77-1083-41AF-8420-ADCF07EC8026}.Release|Any CPU.ActiveCfg = Release|Any CPU
		{7CCF7E77-1083-41AF-8420-ADCF07EC8026}.Release|Any CPU.Build.0 = Release|Any CPU
	EndGlobalSection
	GlobalSection(SolutionProperties) = preSolution
		HideSolutionNode = FALSE
	EndGlobalSection
	GlobalSection(ExtensibilityGlobals) = postSolution
		SolutionGuid = {7C71C43B-6A27-4448-B0FF-22456BC282E3}
	EndGlobalSection
EndGlobal
